
Microsoft Visual Studio Solution File, Format Version 12.00
# Visual Studio Version 17
VisualStudioVersion = 17.2.32616.157
MinimumVisualStudioVersion = 10.0.40219.1
Project("{FAE04EC0-301F-11D3-BF4B-00C04F79EFBC}") = "WebsiteBanVe", "WebsiteBanVe\WebsiteBanVe.csproj", "{C552E200-5DB0-4312-BEFC-FF115123AD6B}"
EndProject
Project("{FAE04EC0-301F-11D3-BF4B-00C04F79EFBC}") = "FileUploadControl", "FileUploadControl\FileUploadControl.csproj", "{10FE40EE-E23C-45B8-8E2C-4E4B0CE24045}"
EndProject
Global
	GlobalSection(SolutionConfigurationPlatforms) = preSolution
		Debug|Any CPU = Debug|Any CPU
		Release|Any CPU = Release|Any CPU
	EndGlobalSection
	GlobalSection(ProjectConfigurationPlatforms) = postSolution
		{C552E200-5DB0-4312-BEFC-FF115123AD6B}.Debug|Any CPU.ActiveCfg = Debug|Any CPU
		{C552E200-5DB0-4312-BEFC-FF115123AD6B}.Debug|Any CPU.Build.0 = Debug|Any CPU
		{C552E200-5DB0-4312-BEFC-FF115123AD6B}.Release|Any CPU.ActiveCfg = Release|Any CPU
		{C552E200-5DB0-4312-BEFC-FF115123AD6B}.Release|Any CPU.Build.0 = Release|Any CPU
		{10FE40EE-E23C-45B8-8E2C-4E4B0CE24045}.Debug|Any CPU.ActiveCfg = Debug|Any CPU
		{10FE40EE-E23C-45B8-8E2C-4E4B0CE24045}.Debug|Any CPU.Build.0 = Debug|Any CPU
		{10FE40EE-E23C-45B8-8E2C-4E4B0CE24045}.Release|Any CPU.ActiveCfg = Release|Any CPU
		{10FE40EE-E23C-45B8-8E2C-4E4B0CE24045}.Release|Any CPU.Build.0 = Release|Any CPU
	EndGlobalSection
	GlobalSection(SolutionProperties) = preSolution
		HideSolutionNode = FALSE
	EndGlobalSection
	GlobalSection(ExtensibilityGlobals) = postSolution
		SolutionGuid = {8A3AAD08-A60B-41C2-AC4E-8F24A6668883}
	EndGlobalSection
EndGlobal
